
Microsoft Visual Studio Solution File, Format Version 12.00
# Visual Studio Version 17
VisualStudioVersion = 17.7.34202.233
MinimumVisualStudioVersion = 10.0.40219.1
Project("{9A19103F-16F7-4668-BE54-9A1E7A4F7556}") = "KampIntro", "KampIntro\KampIntro.csproj", "{04E21A79-055D-4BF1-B64B-C200BC618FA3}"
EndProject
Project("{9A19103F-16F7-4668-BE54-9A1E7A4F7556}") = "Donguler", "Donguler\Donguler.csproj", "{993180AA-ABC3-4C39-8CB8-3C038A22510A}"
EndProject
Project("{9A19103F-16F7-4668-BE54-9A1E7A4F7556}") = "ClassIntro", "ClassIntro\ClassIntro.csproj", "{638D4280-2A64-40D0-9B57-95C79F26E047}"
EndProject
Project("{9A19103F-16F7-4668-BE54-9A1E7A4F7556}") = "ETradeHomework", "ETradeHomework\ETradeHomework.csproj", "{92463230-981E-4F27-8102-8B2ADF4B4E5C}"
EndProject
Project("{9A19103F-16F7-4668-BE54-9A1E7A4F7556}") = "Metotlar", "Metotlar\Metotlar.csproj", "{6C2F71BE-7695-45DB-B319-93D0FBE4CCF0}"
EndProject
Project("{9A19103F-16F7-4668-BE54-9A1E7A4F7556}") = "Matematik", "Matematik\Matematik.csproj", "{04EF1BC9-27C8-4DBB-BD14-CC925C93B61E}"
EndProject
Project("{9A19103F-16F7-4668-BE54-9A1E7A4F7556}") = "DegerVeReferansTipler", "DegerVeReferansTipler\DegerVeReferansTipler.csproj", "{F5A37627-9D7B-4D1F-AA22-832DB08BDB57}"
EndProject
Project("{9A19103F-16F7-4668-BE54-9A1E7A4F7556}") = "OOP1", "OOP1\OOP1.csproj", "{4FBAE557-800F-4D32-AF75-B0B5F1AAFD9B}"
EndProject
Project("{9A19103F-16F7-4668-BE54-9A1E7A4F7556}") = "Koleksiyonlar", "Koleksiyonlar\Koleksiyonlar.csproj", "{68AE1069-B9A5-4D51-871C-3BB811A8ED85}"
EndProject
Project("{9A19103F-16F7-4668-BE54-9A1E7A4F7556}") = "GenericsIntro", "GenericsIntro\GenericsIntro.csproj", "{94B16918-2C4F-4B2F-99C0-A79FCA2BC89D}"
EndProject
Project("{FAE04EC0-301F-11D3-BF4B-00C04F79EFBC}") = "OOP2", "OOP2\OOP2.csproj", "{ABBBF6C0-EC8B-4E82-AF1C-CDCBA40FF560}"
EndProject
Project("{FAE04EC0-301F-11D3-BF4B-00C04F79EFBC}") = "OOP3", "OOP3\OOP3.csproj", "{470ADC0D-211B-4CBE-988F-A30E0F578452}"
EndProject
Global
	GlobalSection(SolutionConfigurationPlatforms) = preSolution
		Debug|Any CPU = Debug|Any CPU
		Release|Any CPU = Release|Any CPU
	EndGlobalSection
	GlobalSection(ProjectConfigurationPlatforms) = postSolution
		{04E21A79-055D-4BF1-B64B-C200BC618FA3}.Debug|Any CPU.ActiveCfg = Debug|Any CPU
		{04E21A79-055D-4BF1-B64B-C200BC618FA3}.Debug|Any CPU.Build.0 = Debug|Any CPU
		{04E21A79-055D-4BF1-B64B-C200BC618FA3}.Release|Any CPU.ActiveCfg = Release|Any CPU
		{04E21A79-055D-4BF1-B64B-C200BC618FA3}.Release|Any CPU.Build.0 = Release|Any CPU
		{993180AA-ABC3-4C39-8CB8-3C038A22510A}.Debug|Any CPU.ActiveCfg = Debug|Any CPU
		{993180AA-ABC3-4C39-8CB8-3C038A22510A}.Debug|Any CPU.Build.0 = Debug|Any CPU
		{993180AA-ABC3-4C39-8CB8-3C038A22510A}.Release|Any CPU.ActiveCfg = Release|Any CPU
		{993180AA-ABC3-4C39-8CB8-3C038A22510A}.Release|Any CPU.Build.0 = Release|Any CPU
		{638D4280-2A64-40D0-9B57-95C79F26E047}.Debug|Any CPU.ActiveCfg = Debug|Any CPU
		{638D4280-2A64-40D0-9B57-95C79F26E047}.Debug|Any CPU.Build.0 = Debug|Any CPU
		{638D4280-2A64-40D0-9B57-95C79F26E047}.Release|Any CPU.ActiveCfg = Release|Any CPU
		{638D4280-2A64-40D0-9B57-95C79F26E047}.Release|Any CPU.Build.0 = Release|Any CPU
		{92463230-981E-4F27-8102-8B2ADF4B4E5C}.Debug|Any CPU.ActiveCfg = Debug|Any CPU
		{92463230-981E-4F27-8102-8B2ADF4B4E5C}.Debug|Any CPU.Build.0 = Debug|Any CPU
		{92463230-981E-4F27-8102-8B2ADF4B4E5C}.Release|Any CPU.ActiveCfg = Release|Any CPU
		{92463230-981E-4F27-8102-8B2ADF4B4E5C}.Release|Any CPU.Build.0 = Release|Any CPU
		{6C2F71BE-7695-45DB-B319-93D0FBE4CCF0}.Debug|Any CPU.ActiveCfg = Debug|Any CPU
		{6C2F71BE-7695-45DB-B319-93D0FBE4CCF0}.Debug|Any CPU.Build.0 = Debug|Any CPU
		{6C2F71BE-7695-45DB-B319-93D0FBE4CCF0}.Release|Any CPU.ActiveCfg = Release|Any CPU
		{6C2F71BE-7695-45DB-B319-93D0FBE4CCF0}.Release|Any CPU.Build.0 = Release|Any CPU
		{04EF1BC9-27C8-4DBB-BD14-CC925C93B61E}.Debug|Any CPU.ActiveCfg = Debug|Any CPU
		{04EF1BC9-27C8-4DBB-BD14-CC925C93B61E}.Debug|Any CPU.Build.0 = Debug|Any CPU
		{04EF1BC9-27C8-4DBB-BD14-CC925C93B61E}.Release|Any CPU.ActiveCfg = Release|Any CPU
		{04EF1BC9-27C8-4DBB-BD14-CC925C93B61E}.Release|Any CPU.Build.0 = Release|Any CPU
		{F5A37627-9D7B-4D1F-AA22-832DB08BDB57}.Debug|Any CPU.ActiveCfg = Debug|Any CPU
		{F5A37627-9D7B-4D1F-AA22-832DB08BDB57}.Debug|Any CPU.Build.0 = Debug|Any CPU
		{F5A37627-9D7B-4D1F-AA22-832DB08BDB57}.Release|Any CPU.ActiveCfg = Release|Any CPU
		{F5A37627-9D7B-4D1F-AA22-832DB08BDB57}.Release|Any CPU.Build.0 = Release|Any CPU
		{4FBAE557-800F-4D32-AF75-B0B5F1AAFD9B}.Debug|Any CPU.ActiveCfg = Debug|Any CPU
		{4FBAE557-800F-4D32-AF75-B0B5F1AAFD9B}.Debug|Any CPU.Build.0 = Debug|Any CPU
		{4FBAE557-800F-4D32-AF75-B0B5F1AAFD9B}.Release|Any CPU.ActiveCfg = Release|Any CPU
		{4FBAE557-800F-4D32-AF75-B0B5F1AAFD9B}.Release|Any CPU.Build.0 = Release|Any CPU
		{68AE1069-B9A5-4D51-871C-3BB811A8ED85}.Debug|Any CPU.ActiveCfg = Debug|Any CPU
		{68AE1069-B9A5-4D51-871C-3BB811A8ED85}.Debug|Any CPU.Build.0 = Debug|Any CPU
		{68AE1069-B9A5-4D51-871C-3BB811A8ED85}.Release|Any CPU.ActiveCfg = Release|Any CPU
		{68AE1069-B9A5-4D51-871C-3BB811A8ED85}.Release|Any CPU.Build.0 = Release|Any CPU
		{94B16918-2C4F-4B2F-99C0-A79FCA2BC89D}.Debug|Any CPU.ActiveCfg = Debug|Any CPU
		{94B16918-2C4F-4B2F-99C0-A79FCA2BC89D}.Debug|Any CPU.Build.0 = Debug|Any CPU
		{94B16918-2C4F-4B2F-99C0-A79FCA2BC89D}.Release|Any CPU.ActiveCfg = Release|Any CPU
		{94B16918-2C4F-4B2F-99C0-A79FCA2BC89D}.Release|Any CPU.Build.0 = Release|Any CPU
		{ABBBF6C0-EC8B-4E82-AF1C-CDCBA40FF560}.Debug|Any CPU.ActiveCfg = Debug|Any CPU
		{ABBBF6C0-EC8B-4E82-AF1C-CDCBA40FF560}.Debug|Any CPU.Build.0 = Debug|Any CPU
		{ABBBF6C0-EC8B-4E82-AF1C-CDCBA40FF560}.Release|Any CPU.ActiveCfg = Release|Any CPU
		{ABBBF6C0-EC8B-4E82-AF1C-CDCBA40FF560}.Release|Any CPU.Build.0 = Release|Any CPU
		{470ADC0D-211B-4CBE-988F-A30E0F578452}.Debug|Any CPU.ActiveCfg = Debug|Any CPU
		{470ADC0D-211B-4CBE-988F-A30E0F578452}.Debug|Any CPU.Build.0 = Debug|Any CPU
		{470ADC0D-211B-4CBE-988F-A30E0F578452}.Release|Any CPU.ActiveCfg = Release|Any CPU
		{470ADC0D-211B-4CBE-988F-A30E0F578452}.Release|Any CPU.Build.0 = Release|Any CPU
	EndGlobalSection
	GlobalSection(SolutionProperties) = preSolution
		HideSolutionNode = FALSE
	EndGlobalSection
	GlobalSection(ExtensibilityGlobals) = postSolution
		SolutionGuid = {F071A59B-E9CD-48B8-BC02-503AC94BB919}
	EndGlobalSection
EndGlobal
